// !$*UTF8*$!
{
	archiveVersion = 1;
	classes = {
	};
	objectVersion = 46;
	objects = {

/* Begin PBXBuildFile section */
		7571696E1D32890E0016EDFD /* AppDelegate.swift in Sources */ = {isa = PBXBuildFile; fileRef = 7571696D1D32890E0016EDFD /* AppDelegate.swift */; };
		757169701D32890E0016EDFD /* ViewController.swift in Sources */ = {isa = PBXBuildFile; fileRef = 7571696F1D32890E0016EDFD /* ViewController.swift */; };
		757169731D32890E0016EDFD /* Main.storyboard in Resources */ = {isa = PBXBuildFile; fileRef = 757169711D32890E0016EDFD /* Main.storyboard */; };
		757169751D32890E0016EDFD /* Assets.xcassets in Resources */ = {isa = PBXBuildFile; fileRef = 757169741D32890E0016EDFD /* Assets.xcassets */; };
		757169781D32890E0016EDFD /* LaunchScreen.storyboard in Resources */ = {isa = PBXBuildFile; fileRef = 757169761D32890E0016EDFD /* LaunchScreen.storyboard */; };
		757169831D32890E0016EDFD /* CHQrCodeTests.swift in Sources */ = {isa = PBXBuildFile; fileRef = 757169821D32890E0016EDFD /* CHQrCodeTests.swift */; };
		7571698E1D32890E0016EDFD /* CHQrCodeUITests.swift in Sources */ = {isa = PBXBuildFile; fileRef = 7571698D1D32890E0016EDFD /* CHQrCodeUITests.swift */; };
		7571699D1D328BF80016EDFD /* CHQRcodeView.swift in Sources */ = {isa = PBXBuildFile; fileRef = 7571699C1D328BF80016EDFD /* CHQRcodeView.swift */; };
		7571699F1D328C450016EDFD /* ExUIImage.swift in Sources */ = {isa = PBXBuildFile; fileRef = 7571699E1D328C450016EDFD /* ExUIImage.swift */; };
/* End PBXBuildFile section */

/* Begin PBXContainerItemProxy section */
		7571697F1D32890E0016EDFD /* PBXContainerItemProxy */ = {
			isa = PBXContainerItemProxy;
			containerPortal = 757169621D32890E0016EDFD /* Project object */;
			proxyType = 1;
			remoteGlobalIDString = 757169691D32890E0016EDFD;
			remoteInfo = CHQrCode;
		};
		7571698A1D32890E0016EDFD /* PBXContainerItemProxy */ = {
			isa = PBXContainerItemProxy;
			containerPortal = 757169621D32890E0016EDFD /* Project object */;
			proxyType = 1;
			remoteGlobalIDString = 757169691D32890E0016EDFD;
			remoteInfo = CHQrCode;
		};
/* End PBXContainerItemProxy section */

/* Begin PBXFileReference section */
		7571696A1D32890E0016EDFD /* CHQrCode.app */ = {isa = PBXFileReference; explicitFileType = wrapper.application; includeInIndex = 0; path = CHQrCode.app; sourceTree = BUILT_PRODUCTS_DIR; };
		7571696D1D32890E0016EDFD /* AppDelegate.swift */ = {isa = PBXFileReference; lastKnownFileType = sourcecode.swift; path = AppDelegate.swift; sourceTree = "<group>"; };
		7571696F1D32890E0016EDFD /* ViewController.swift */ = {isa = PBXFileReference; lastKnownFileType = sourcecode.swift; path = ViewController.swift; sourceTree = "<group>"; };
		757169721D32890E0016EDFD /* Base */ = {isa = PBXFileReference; lastKnownFileType = file.storyboard; name = Base; path = Base.lproj/Main.storyboard; sourceTree = "<group>"; };
		757169741D32890E0016EDFD /* Assets.xcassets */ = {isa = PBXFileReference; lastKnownFileType = folder.assetcatalog; path = Assets.xcassets; sourceTree = "<group>"; };
		757169771D32890E0016EDFD /* Base */ = {isa = PBXFileReference; lastKnownFileType = file.storyboard; name = Base; path = Base.lproj/LaunchScreen.storyboard; sourceTree = "<group>"; };
		757169791D32890E0016EDFD /* Info.plist */ = {isa = PBXFileReference; lastKnownFileType = text.plist.xml; path = Info.plist; sourceTree = "<group>"; };
		7571697E1D32890E0016EDFD /* CHQrCodeTests.xctest */ = {isa = PBXFileReference; explicitFileType = wrapper.cfbundle; includeInIndex = 0; path = CHQrCodeTests.xctest; sourceTree = BUILT_PRODUCTS_DIR; };
		757169821D32890E0016EDFD /* CHQrCodeTests.swift */ = {isa = PBXFileReference; lastKnownFileType = sourcecode.swift; path = CHQrCodeTests.swift; sourceTree = "<group>"; };
		757169841D32890E0016EDFD /* Info.plist */ = {isa = PBXFileReference; lastKnownFileType = text.plist.xml; path = Info.plist; sourceTree = "<group>"; };
		757169891D32890E0016EDFD /* CHQrCodeUITests.xctest */ = {isa = PBXFileReference; explicitFileType = wrapper.cfbundle; includeInIndex = 0; path = CHQrCodeUITests.xctest; sourceTree = BUILT_PRODUCTS_DIR; };
		7571698D1D32890E0016EDFD /* CHQrCodeUITests.swift */ = {isa = PBXFileReference; lastKnownFileType = sourcecode.swift; path = CHQrCodeUITests.swift; sourceTree = "<group>"; };
		7571698F1D32890E0016EDFD /* Info.plist */ = {isa = PBXFileReference; lastKnownFileType = text.plist.xml; path = Info.plist; sourceTree = "<group>"; };
		7571699C1D328BF80016EDFD /* CHQRcodeView.swift */ = {isa = PBXFileReference; fileEncoding = 4; lastKnownFileType = sourcecode.swift; path = CHQRcodeView.swift; sourceTree = "<group>"; };
		7571699E1D328C450016EDFD /* ExUIImage.swift */ = {isa = PBXFileReference; fileEncoding = 4; lastKnownFileType = sourcecode.swift; path = ExUIImage.swift; sourceTree = "<group>"; };
/* End PBXFileReference section */

/* Begin PBXFrameworksBuildPhase section */
		757169671D32890E0016EDFD /* Frameworks */ = {
			isa = PBXFrameworksBuildPhase;
			buildActionMask = 2147483647;
			files = (
			);
			runOnlyForDeploymentPostprocessing = 0;
		};
		7571697B1D32890E0016EDFD /* Frameworks */ = {
			isa = PBXFrameworksBuildPhase;
			buildActionMask = 2147483647;
			files = (
			);
			runOnlyForDeploymentPostprocessing = 0;
		};
		757169861D32890E0016EDFD /* Frameworks */ = {
			isa = PBXFrameworksBuildPhase;
			buildActionMask = 2147483647;
			files = (
			);
			runOnlyForDeploymentPostprocessing = 0;
		};
/* End PBXFrameworksBuildPhase section */

/* Begin PBXGroup section */
		757169611D32890E0016EDFD = {
			isa = PBXGroup;
			children = (
				7571696C1D32890E0016EDFD /* CHQrCode */,
				757169811D32890E0016EDFD /* CHQrCodeTests */,
				7571698C1D32890E0016EDFD /* CHQrCodeUITests */,
				7571696B1D32890E0016EDFD /* Products */,
			);
			sourceTree = "<group>";
		};
		7571696B1D32890E0016EDFD /* Products */ = {
			isa = PBXGroup;
			children = (
				7571696A1D32890E0016EDFD /* CHQrCode.app */,
				7571697E1D32890E0016EDFD /* CHQrCodeTests.xctest */,
				757169891D32890E0016EDFD /* CHQrCodeUITests.xctest */,
			);
			name = Products;
			sourceTree = "<group>";
		};
		7571696C1D32890E0016EDFD /* CHQrCode */ = {
			isa = PBXGroup;
			children = (
				7571699B1D328B580016EDFD /* CFQRCodeManager */,
				7571696D1D32890E0016EDFD /* AppDelegate.swift */,
				7571696F1D32890E0016EDFD /* ViewController.swift */,
				757169711D32890E0016EDFD /* Main.storyboard */,
				757169741D32890E0016EDFD /* Assets.xcassets */,
				757169761D32890E0016EDFD /* LaunchScreen.storyboard */,
				757169791D32890E0016EDFD /* Info.plist */,
			);
			path = CHQrCode;
			sourceTree = "<group>";
		};
		757169811D32890E0016EDFD /* CHQrCodeTests */ = {
			isa = PBXGroup;
			children = (
				757169821D32890E0016EDFD /* CHQrCodeTests.swift */,
				757169841D32890E0016EDFD /* Info.plist */,
			);
			path = CHQrCodeTests;
			sourceTree = "<group>";
		};
		7571698C1D32890E0016EDFD /* CHQrCodeUITests */ = {
			isa = PBXGroup;
			children = (
				7571698D1D32890E0016EDFD /* CHQrCodeUITests.swift */,
				7571698F1D32890E0016EDFD /* Info.plist */,
			);
			path = CHQrCodeUITests;
			sourceTree = "<group>";
		};
		7571699B1D328B580016EDFD /* CFQRCodeManager */ = {
			isa = PBXGroup;
			children = (
				7571699C1D328BF80016EDFD /* CHQRcodeView.swift */,
				7571699E1D328C450016EDFD /* ExUIImage.swift */,
			);
			name = CFQRCodeManager;
			sourceTree = "<group>";
		};
/* End PBXGroup section */

/* Begin PBXNativeTarget section */
		757169691D32890E0016EDFD /* CHQrCode */ = {
			isa = PBXNativeTarget;
			buildConfigurationList = 757169921D32890E0016EDFD /* Build configuration list for PBXNativeTarget "CHQrCode" */;
			buildPhases = (
				757169661D32890E0016EDFD /* Sources */,
				757169671D32890E0016EDFD /* Frameworks */,
				757169681D32890E0016EDFD /* Resources */,
			);
			buildRules = (
			);
			dependencies = (
			);
			name = CHQrCode;
			productName = CHQrCode;
			productReference = 7571696A1D32890E0016EDFD /* CHQrCode.app */;
			productType = "com.apple.product-type.application";
		};
		7571697D1D32890E0016EDFD /* CHQrCodeTests */ = {
			isa = PBXNativeTarget;
			buildConfigurationList = 757169951D32890E0016EDFD /* Build configuration list for PBXNativeTarget "CHQrCodeTests" */;
			buildPhases = (
				7571697A1D32890E0016EDFD /* Sources */,
				7571697B1D32890E0016EDFD /* Frameworks */,
				7571697C1D32890E0016EDFD /* Resources */,
			);
			buildRules = (
			);
			dependencies = (
				757169801D32890E0016EDFD /* PBXTargetDependency */,
			);
			name = CHQrCodeTests;
			productName = CHQrCodeTests;
			productReference = 7571697E1D32890E0016EDFD /* CHQrCodeTests.xctest */;
			productType = "com.apple.product-type.bundle.unit-test";
		};
		757169881D32890E0016EDFD /* CHQrCodeUITests */ = {
			isa = PBXNativeTarget;
			buildConfigurationList = 757169981D32890E0016EDFD /* Build configuration list for PBXNativeTarget "CHQrCodeUITests" */;
			buildPhases = (
				757169851D32890E0016EDFD /* Sources */,
				757169861D32890E0016EDFD /* Frameworks */,
				757169871D32890E0016EDFD /* Resources */,
			);
			buildRules = (
			);
			dependencies = (
				7571698B1D32890E0016EDFD /* PBXTargetDependency */,
			);
			name = CHQrCodeUITests;
			productName = CHQrCodeUITests;
			productReference = 757169891D32890E0016EDFD /* CHQrCodeUITests.xctest */;
			productType = "com.apple.product-type.bundle.ui-testing";
		};
/* End PBXNativeTarget section */

/* Begin PBXProject section */
		757169621D32890E0016EDFD /* Project object */ = {
			isa = PBXProject;
			attributes = {
				LastSwiftUpdateCheck = 0800;
				LastUpgradeCheck = 0800;
				ORGANIZATIONNAME = "杨辉";
				TargetAttributes = {
					757169691D32890E0016EDFD = {
						CreatedOnToolsVersion = 8.0;
						DevelopmentTeam = 598LPM8E28;
						DevelopmentTeamName = "hui cheng";
						ProvisioningStyle = Automatic;
					};
					7571697D1D32890E0016EDFD = {
						CreatedOnToolsVersion = 8.0;
						DevelopmentTeam = 598LPM8E28;
						DevelopmentTeamName = "hui cheng";
						ProvisioningStyle = Automatic;
						TestTargetID = 757169691D32890E0016EDFD;
					};
					757169881D32890E0016EDFD = {
						CreatedOnToolsVersion = 8.0;
						DevelopmentTeam = 598LPM8E28;
						DevelopmentTeamName = "hui cheng";
						ProvisioningStyle = Automatic;
						TestTargetID = 757169691D32890E0016EDFD;
					};
				};
			};
			buildConfigurationList = 757169651D32890E0016EDFD /* Build configuration list for PBXProject "CHQrCode" */;
			compatibilityVersion = "Xcode 3.2";
			developmentRegion = English;
			hasScannedForEncodings = 0;
			knownRegions = (
				en,
				Base,
			);
			mainGroup = 757169611D32890E0016EDFD;
			productRefGroup = 7571696B1D32890E0016EDFD /* Products */;
			projectDirPath = "";
			projectRoot = "";
			targets = (
				757169691D32890E0016EDFD /* CHQrCode */,
				7571697D1D32890E0016EDFD /* CHQrCodeTests */,
				757169881D32890E0016EDFD /* CHQrCodeUITests */,
			);
		};
/* End PBXProject section */

/* Begin PBXResourcesBuildPhase section */
		757169681D32890E0016EDFD /* Resources */ = {
			isa = PBXResourcesBuildPhase;
			buildActionMask = 2147483647;
			files = (
				757169781D32890E0016EDFD /* LaunchScreen.storyboard in Resources */,
				757169751D32890E0016EDFD /* Assets.xcassets in Resources */,
				757169731D32890E0016EDFD /* Main.storyboard in Resources */,
			);
			runOnlyForDeploymentPostprocessing = 0;
		};
		7571697C1D32890E0016EDFD /* Resources */ = {
			isa = PBXResourcesBuildPhase;
			buildActionMask = 2147483647;
			files = (
			);
			runOnlyForDeploymentPostprocessing = 0;
		};
		757169871D32890E0016EDFD /* Resources */ = {
			isa = PBXResourcesBuildPhase;
			buildActionMask = 2147483647;
			files = (
			);
			runOnlyForDeploymentPostprocessing = 0;
		};
/* End PBXResourcesBuildPhase section */

/* Begin PBXSourcesBuildPhase section */
		757169661D32890E0016EDFD /* Sources */ = {
			isa = PBXSourcesBuildPhase;
			buildActionMask = 2147483647;
			files = (
				7571699F1D328C450016EDFD /* ExUIImage.swift in Sources */,
				7571699D1D328BF80016EDFD /* CHQRcodeView.swift in Sources */,
				757169701D32890E0016EDFD /* ViewController.swift in Sources */,
				7571696E1D32890E0016EDFD /* AppDelegate.swift in Sources */,
			);
			runOnlyForDeploymentPostprocessing = 0;
		};
		7571697A1D32890E0016EDFD /* Sources */ = {
			isa = PBXSourcesBuildPhase;
			buildActionMask = 2147483647;
			files = (
				757169831D32890E0016EDFD /* CHQrCodeTests.swift in Sources */,
			);
			runOnlyForDeploymentPostprocessing = 0;
		};
		757169851D32890E0016EDFD /* Sources */ = {
			isa = PBXSourcesBuildPhase;
			buildActionMask = 2147483647;
			files = (
				7571698E1D32890E0016EDFD /* CHQrCodeUITests.swift in Sources */,
			);
			runOnlyForDeploymentPostprocessing = 0;
		};
/* End PBXSourcesBuildPhase section */

/* Begin PBXTargetDependency section */
		757169801D32890E0016EDFD /* PBXTargetDependency */ = {
			isa = PBXTargetDependency;
			target = 757169691D32890E0016EDFD /* CHQrCode */;
			targetProxy = 7571697F1D32890E0016EDFD /* PBXContainerItemProxy */;
		};
		7571698B1D32890E0016EDFD /* PBXTargetDependency */ = {
			isa = PBXTargetDependency;
			target = 757169691D32890E0016EDFD /* CHQrCode */;
			targetProxy = 7571698A1D32890E0016EDFD /* PBXContainerItemProxy */;
		};
/* End PBXTargetDependency section */

/* Begin PBXVariantGroup section */
		757169711D32890E0016EDFD /* Main.storyboard */ = {
			isa = PBXVariantGroup;
			children = (
				757169721D32890E0016EDFD /* Base */,
			);
			name = Main.storyboard;
			sourceTree = "<group>";
		};
		757169761D32890E0016EDFD /* LaunchScreen.storyboard */ = {
			isa = PBXVariantGroup;
			children = (
				757169771D32890E0016EDFD /* Base */,
			);
			name = LaunchScreen.storyboard;
			sourceTree = "<group>";
		};
/* End PBXVariantGroup section */

/* Begin XCBuildConfiguration section */
		757169901D32890E0016EDFD /* Debug */ = {
			isa = XCBuildConfiguration;
			buildSettings = {
				ALWAYS_SEARCH_USER_PATHS = NO;
				CLANG_ANALYZER_NONNULL = YES;
				CLANG_CXX_LANGUAGE_STANDARD = "gnu++0x";
				CLANG_CXX_LIBRARY = "libc++";
				CLANG_ENABLE_MODULES = YES;
				CLANG_ENABLE_OBJC_ARC = YES;
				CLANG_WARN_BOOL_CONVERSION = YES;
				CLANG_WARN_CONSTANT_CONVERSION = YES;
				CLANG_WARN_DIRECT_OBJC_ISA_USAGE = YES_ERROR;
				CLANG_WARN_DOCUMENTATION_COMMENTS = YES;
				CLANG_WARN_EMPTY_BODY = YES;
				CLANG_WARN_ENUM_CONVERSION = YES;
				CLANG_WARN_INT_CONVERSION = YES;
				CLANG_WARN_OBJC_ROOT_CLASS = YES_ERROR;
				CLANG_WARN_UNREACHABLE_CODE = YES;
				CLANG_WARN__DUPLICATE_METHOD_MATCH = YES;
				"CODE_SIGN_IDENTITY[sdk=iphoneos*]" = "iPhone Developer";
				COPY_PHASE_STRIP = NO;
				DEBUG_INFORMATION_FORMAT = dwarf;
				ENABLE_STRICT_OBJC_MSGSEND = YES;
				ENABLE_TESTABILITY = YES;
				GCC_C_LANGUAGE_STANDARD = gnu99;
				GCC_DYNAMIC_NO_PIC = NO;
				GCC_NO_COMMON_BLOCKS = YES;
				GCC_OPTIMIZATION_LEVEL = 0;
				GCC_PREPROCESSOR_DEFINITIONS = (
					"DEBUG=1",
					"$(inherited)",
				);
				GCC_WARN_64_TO_32_BIT_CONVERSION = YES;
				GCC_WARN_ABOUT_RETURN_TYPE = YES_ERROR;
				GCC_WARN_UNDECLARED_SELECTOR = YES;
				GCC_WARN_UNINITIALIZED_AUTOS = YES_AGGRESSIVE;
				GCC_WARN_UNUSED_FUNCTION = YES;
				GCC_WARN_UNUSED_VARIABLE = YES;
				IPHONEOS_DEPLOYMENT_TARGET = 10.0;
				MTL_ENABLE_DEBUG_INFO = YES;
				ONLY_ACTIVE_ARCH = YES;
				SDKROOT = iphoneos;
				SWIFT_ACTIVE_COMPILATION_CONDITIONS = DEBUG;
				SWIFT_OPTIMIZATION_LEVEL = "-Onone";
				TARGETED_DEVICE_FAMILY = "1,2";
			};
			name = Debug;
		};
		757169911D32890E0016EDFD /* Release */ = {
			isa = XCBuildConfiguration;
			buildSettings = {
				ALWAYS_SEARCH_USER_PATHS = NO;
				CLANG_ANALYZER_NONNULL = YES;
				CLANG_CXX_LANGUAGE_STANDARD = "gnu++0x";
				CLANG_CXX_LIBRARY = "libc++";
				CLANG_ENABLE_MODULES = YES;
				CLANG_ENABLE_OBJC_ARC = YES;
				CLANG_WARN_BOOL_CONVERSION = YES;
				CLANG_WARN_CONSTANT_CONVERSION = YES;
				CLANG_WARN_DIRECT_OBJC_ISA_USAGE = YES_ERROR;
				CLANG_WARN_DOCUMENTATION_COMMENTS = YES;
				CLANG_WARN_EMPTY_BODY = YES;
				CLANG_WARN_ENUM_CONVERSION = YES;
				CLANG_WARN_INT_CONVERSION = YES;
				CLANG_WARN_OBJC_ROOT_CLASS = YES_ERROR;
				CLANG_WARN_UNREACHABLE_CODE = YES;
				CLANG_WARN__DUPLICATE_METHOD_MATCH = YES;
				"CODE_SIGN_IDENTITY[sdk=iphoneos*]" = "iPhone Developer";
				COPY_PHASE_STRIP = NO;
				DEBUG_INFORMATION_FORMAT = "dwarf-with-dsym";
				ENABLE_NS_ASSERTIONS = NO;
				ENABLE_STRICT_OBJC_MSGSEND = YES;
				GCC_C_LANGUAGE_STANDARD = gnu99;
				GCC_NO_COMMON_BLOCKS = YES;
				GCC_WARN_64_TO_32_BIT_CONVERSION = YES;
				GCC_WARN_ABOUT_RETURN_TYPE = YES_ERROR;
				GCC_WARN_UNDECLARED_SELECTOR = YES;
				GCC_WARN_UNINITIALIZED_AUTOS = YES_AGGRESSIVE;
				GCC_WARN_UNUSED_FUNCTION = YES;
				GCC_WARN_UNUSED_VARIABLE = YES;
				IPHONEOS_DEPLOYMENT_TARGET = 10.0;
				MTL_ENABLE_DEBUG_INFO = NO;
				SDKROOT = iphoneos;
				SWIFT_OPTIMIZATION_LEVEL = "-Owholemodule";
				TARGETED_DEVICE_FAMILY = "1,2";
				VALIDATE_PRODUCT = YES;
			};
			name = Release;
		};
		757169931D32890E0016EDFD /* Debug */ = {
			isa = XCBuildConfiguration;
			buildSettings = {
				ASSETCATALOG_COMPILER_APPICON_NAME = AppIcon;
				INFOPLIST_FILE = CHQrCode/Info.plist;
				IPHONEOS_DEPLOYMENT_TARGET = 9.3;
				LD_RUNPATH_SEARCH_PATHS = "$(inherited) @executable_path/Frameworks";
				PRODUCT_BUNDLE_IDENTIFIER = cn.com.lutery.CHQrCode;
				PRODUCT_NAME = "$(TARGET_NAME)";
				SWIFT_VERSION = 3.0;
			};
			name = Debug;
		};
		757169941D32890E0016EDFD /* Release */ = {
			isa = XCBuildConfiguration;
			buildSettings = {
				ASSETCATALOG_COMPILER_APPICON_NAME = AppIcon;
				INFOPLIST_FILE = CHQrCode/Info.plist;
				IPHONEOS_DEPLOYMENT_TARGET = 9.3;
				LD_RUNPATH_SEARCH_PATHS = "$(inherited) @executable_path/Frameworks";
				PRODUCT_BUNDLE_IDENTIFIER = cn.com.lutery.CHQrCode;
				PRODUCT_NAME = "$(TARGET_NAME)";
				SWIFT_VERSION = 3.0;
			};
			name = Release;
		};
		757169961D32890E0016EDFD /* Debug */ = {
			isa = XCBuildConfiguration;
			buildSettings = {
				BUNDLE_LOADER = "$(TEST_HOST)";
				INFOPLIST_FILE = CHQrCodeTests/Info.plist;
				LD_RUNPATH_SEARCH_PATHS = "$(inherited) @executable_path/Frameworks @loader_path/Frameworks";
				PRODUCT_BUNDLE_IDENTIFIER = cn.com.lutery.CHQrCodeTests;
				PRODUCT_NAME = "$(TARGET_NAME)";
				SWIFT_VERSION = 3.0;
				TEST_HOST = "$(BUILT_PRODUCTS_DIR)/CHQrCode.app/CHQrCode";
			};
			name = Debug;
		};
		757169971D32890E0016EDFD /* Release */ = {
			isa = XCBuildConfiguration;
			buildSettings = {
				BUNDLE_LOADER = "$(TEST_HOST)";
				INFOPLIST_FILE = CHQrCodeTests/Info.plist;
				LD_RUNPATH_SEARCH_PATHS = "$(inherited) @executable_path/Frameworks @loader_path/Frameworks";
				PRODUCT_BUNDLE_IDENTIFIER = cn.com.lutery.CHQrCodeTests;
				PRODUCT_NAME = "$(TARGET_NAME)";
				SWIFT_VERSION = 3.0;
				TEST_HOST = "$(BUILT_PRODUCTS_DIR)/CHQrCode.app/CHQrCode";
			};
			name = Release;
		};
		757169991D32890E0016EDFD /* Debug */ = {
			isa = XCBuildConfiguration;
			buildSettings = {
				INFOPLIST_FILE = CHQrCodeUITests/Info.plist;
				LD_RUNPATH_SEARCH_PATHS = "$(inherited) @executable_path/Frameworks @loader_path/Frameworks";
				PRODUCT_BUNDLE_IDENTIFIER = cn.com.lutery.CHQrCodeUITests;
				PRODUCT_NAME = "$(TARGET_NAME)";
				SWIFT_VERSION = 3.0;
				TEST_TARGET_NAME = CHQrCode;
			};
			name = Debug;
		};
		7571699A1D32890E0016EDFD /* Release */ = {
			isa = XCBuildConfiguration;
			buildSettings = {
				INFOPLIST_FILE = CHQrCodeUITests/Info.plist;
				LD_RUNPATH_SEARCH_PATHS = "$(inherited) @executable_path/Frameworks @loader_path/Frameworks";
				PRODUCT_BUNDLE_IDENTIFIER = cn.com.lutery.CHQrCodeUITests;
				PRODUCT_NAME = "$(TARGET_NAME)";
				SWIFT_VERSION = 3.0;
				TEST_TARGET_NAME = CHQrCode;
			};
			name = Release;
		};
/* End XCBuildConfiguration section */

/* Begin XCConfigurationList section */
		757169651D32890E0016EDFD /* Build configuration list for PBXProject "CHQrCode" */ = {
			isa = XCConfigurationList;
			buildConfigurations = (
				757169901D32890E0016EDFD /* Debug */,
				757169911D32890E0016EDFD /* Release */,
			);
			defaultConfigurationIsVisible = 0;
			defaultConfigurationName = Release;
		};
		757169921D32890E0016EDFD /* Build configuration list for PBXNativeTarget "CHQrCode" */ = {
			isa = XCConfigurationList;
			buildConfigurations = (
				757169931D32890E0016EDFD /* Debug */,
				757169941D32890E0016EDFD /* Release */,
			);
			defaultConfigurationIsVisible = 0;
		};
		757169951D32890E0016EDFD /* Build configuration list for PBXNativeTarget "CHQrCodeTests" */ = {
			isa = XCConfigurationList;
			buildConfigurations = (
				757169961D32890E0016EDFD /* Debug */,
				757169971D32890E0016EDFD /* Release */,
			);
			defaultConfigurationIsVisible = 0;
		};
		757169981D32890E0016EDFD /* Build configuration list for PBXNativeTarget "CHQrCodeUITests" */ = {
			isa = XCConfigurationList;
			buildConfigurations = (
				757169991D32890E0016EDFD /* Debug */,
				7571699A1D32890E0016EDFD /* Release */,
			);
			defaultConfigurationIsVisible = 0;
		};
/* End XCConfigurationList section */
	};
	rootObject = 757169621D32890E0016EDFD /* Project object */;
}
